[[package]]
category = "main"
description = "Python package for providing Mozilla's CA Bundle."
name = "certifi"
optional = false
python-versions = "*"
version = "2020.12.5"

[[package]]
category = "main"
description = "Universal encoding detector for Python 2 and 3"
name = "chardet"
optional = false
python-versions = ">=2.7, !=3.0.*, !=3.1.*, !=3.2.*, !=3.3.*, !=3.4.*"
version = "4.0.0"

[[package]]
category = "main"
description = "中文聊天机器人， 根据自己的语料训练出自己想要的聊天机器人，可以用于智能客服、在线问答、智能聊天等场景!"
name = "chatbot-py"
optional = false
python-versions = ">=3.4, <4"
version = "2.74"

[package.dependencies]
geocoder = "*"
jieba = "*"
python-dateutil = "*"
python-forecastio = "*"
sqlalchemy = "*"

[[package]]
category = "main"
description = "Composable command line interface toolkit"
name = "click"
optional = false
python-versions = ">=2.7, !=3.0.*, !=3.1.*, !=3.2.*, !=3.3.*, !=3.4.*"
version = "7.1.2"

[[package]]
category = "main"
description = "Decorators for Humans"
name = "decorator"
optional = false
python-versions = ">=3.5"
version = "5.0.7"

[[package]]
category = "main"
description = "A simple framework for building complex web applications."
name = "flask"
optional = false
python-versions = ">=2.7, !=3.0.*, !=3.1.*, !=3.2.*, !=3.3.*, !=3.4.*"
version = "1.1.2"

[package.dependencies]
Jinja2 = ">=2.10.1"
Werkzeug = ">=0.15"
click = ">=5.1"
itsdangerous = ">=0.24"

[package.extras]
dev = ["pytest", "coverage", "tox", "sphinx", "pallets-sphinx-themes", "sphinxcontrib-log-cabinet", "sphinx-issues"]
docs = ["sphinx", "pallets-sphinx-themes", "sphinxcontrib-log-cabinet", "sphinx-issues"]
dotenv = ["python-dotenv"]

[[package]]
category = "main"
description = "Clean single-source support for Python 3 and 2"
name = "future"
optional = false
python-versions = ">=2.6, !=3.0.*, !=3.1.*, !=3.2.*"
version = "0.18.2"

[[package]]
category = "main"
description = "Geocoder is a simple and consistent geocoding library."
name = "geocoder"
optional = false
python-versions = "*"
version = "1.38.1"

[package.dependencies]
click = "*"
future = "*"
ratelim = "*"
requests = "*"
six = "*"

[[package]]
category = "main"
description = "Lightweight in-process concurrent programming"
marker = "python_version >= \"3\""
name = "greenlet"
optional = false
python-versions = ">=2.7,!=3.0.*,!=3.1.*,!=3.2.*,!=3.3.*,!=3.4.*"
version = "1.0.0"

[package.extras]
docs = ["sphinx"]

[[package]]
category = "main"
description = "Internationalized Domain Names in Applications (IDNA)"
name = "idna"
optional = false
python-versions = ">=2.7, !=3.0.*, !=3.1.*, !=3.2.*, !=3.3.*"
version = "2.10"

[[package]]
category = "main"
description = "Various helpers to pass data to untrusted environments and back."
name = "itsdangerous"
optional = false
python-versions = ">=2.7, !=3.0.*, !=3.1.*, !=3.2.*, !=3.3.*"
version = "1.1.0"

[[package]]
category = "main"
description = "Chinese Words Segmentation Utilities"
name = "jieba"
optional = false
python-versions = "*"
version = "0.42.1"

[[package]]
category = "main"
description = "A very fast and expressive template engine."
name = "jinja2"
optional = false
python-versions = ">=2.7, !=3.0.*, !=3.1.*, !=3.2.*, !=3.3.*, !=3.4.*"
version = "2.11.3"

[package.dependencies]
MarkupSafe = ">=0.23"

[package.extras]
i18n = ["Babel (>=0.8)"]

[[package]]
category = "main"
description = "Safely add untrusted strings to HTML/XML markup."
name = "markupsafe"
optional = false
python-versions = ">=2.7,!=3.0.*,!=3.1.*,!=3.2.*,!=3.3.*"
version = "1.1.1"

[[package]]
category = "main"
description = "Python Imaging Library (Fork)"
name = "pillow"
optional = false
python-versions = ">=3.6"
version = "8.2.0"

[[package]]
category = "main"
description = "JSON Web Token implementation in Python"
name = "pyjwt"
optional = false
python-versions = "*"
version = "1.7.1"

[package.extras]
crypto = ["cryptography (>=1.4)"]
flake8 = ["flake8", "flake8-import-order", "pep8-naming"]
test = ["pytest (>=4.0.1,<5.0.0)", "pytest-cov (>=2.6.0,<3.0.0)", "pytest-runner (>=4.2,<5.0.0)"]

[[package]]
category = "main"
description = "Extensions to the standard Python datetime module"
name = "python-dateutil"
optional = false
python-versions = "!=3.0.*,!=3.1.*,!=3.2.*,>=2.7"
version = "2.8.1"

[package.dependencies]
six = ">=1.5"

[[package]]
category = "main"
description = "A thin Python Wrapper for the Dark Sky (formerly Forecast.io) weather API"
name = "python-forecastio"
optional = false
python-versions = "*"
version = "1.4.0"

[package.dependencies]
requests = ">=1.6"
responses = "*"

[[package]]
category = "main"
description = "World timezone definitions, modern and historical"
name = "pytz"
optional = false
python-versions = "*"
version = "2021.1"

[[package]]
category = "main"
description = "Makes it easy to respect rate limits."
name = "ratelim"
optional = false
python-versions = "*"
version = "0.1.6"

[package.dependencies]
decorator = "*"

[[package]]
category = "main"
description = "The Reportlab Toolkit"
name = "reportlab"
optional = false
python-versions = ">=2.7, >=3.6, <4"
version = "3.5.67"

[package.dependencies]
pillow = ">=4.0.0"

[package.extras]
rlpycairo = ["rlPyCairo (>=0.0.5)"]

[[package]]
category = "main"
description = "Python HTTP for Humans."
name = "requests"
optional = false
python-versions = ">=2.7, !=3.0.*, !=3.1.*, !=3.2.*, !=3.3.*, !=3.4.*"
version = "2.25.1"

[package.dependencies]
certifi = ">=2017.4.17"
chardet = ">=3.0.2,<5"
idna = ">=2.5,<3"
urllib3 = ">=1.21.1,<1.27"

[package.extras]
security = ["pyOpenSSL (>=0.14)", "cryptography (>=1.3.4)"]
socks = ["PySocks (>=1.5.6,<1.5.7 || >1.5.7)", "win-inet-pton"]

[[package]]
category = "main"
description = "A utility library for mocking out the `requests` Python library."
name = "responses"
optional = false
python-versions = ">=2.7, !=3.0.*, !=3.1.*, !=3.2.*, !=3.3.*, !=3.4.*"
version = "0.13.2"

[package.dependencies]
requests = ">=2.0"
six = "*"
urllib3 = ">=1.25.10"

[package.extras]
tests = ["coverage (>=3.7.1,<6.0.0)", "pytest-cov", "pytest-localserver", "flake8", "pytest (>=4.6,<5.0)", "pytest (>=4.6)", "mypy"]

[[package]]
category = "main"
description = "Python bindings for Selenium"
name = "selenium"
optional = false
python-versions = "*"
version = "3.141.0"

[package.dependencies]
urllib3 = "*"

[[package]]
category = "main"
description = "Python 2 and 3 compatibility utilities"
name = "six"
optional = false
python-versions = ">=2.7, !=3.0.*, !=3.1.*, !=3.2.*"
version = "1.15.0"

[[package]]
category = "main"
description = "Database Abstraction Library"
name = "sqlalchemy"
optional = false
python-versions = "!=3.0.*,!=3.1.*,!=3.2.*,!=3.3.*,!=3.4.*,!=3.5.*,>=2.7"
version = "1.4.10"

[package.dependencies]
[package.dependencies.greenlet]
python = ">=3"
version = "!=0.4.17"

[package.extras]
aiomysql = ["greenlet (!=0.4.17)", "aiomysql"]
aiosqlite = ["greenlet (!=0.4.17)", "aiosqlite"]
asyncio = ["greenlet (!=0.4.17)"]
mariadb_connector = ["mariadb (>=1.0.1)"]
mssql = ["pyodbc"]
mssql_pymssql = ["pymssql"]
mssql_pyodbc = ["pyodbc"]
mypy = ["sqlalchemy2-stubs", "mypy (>=0.800)"]
mysql = ["mysqlclient (>=1.4.0,<2)", "mysqlclient (>=1.4.0)"]
mysql_connector = ["mysqlconnector"]
oracle = ["cx_oracle (>=7,<8)", "cx_oracle (>=7)"]
postgresql = ["psycopg2 (>=2.7)"]
postgresql_asyncpg = ["greenlet (!=0.4.17)", "asyncpg"]
postgresql_pg8000 = ["pg8000 (>=1.16.6)"]
postgresql_psycopg2binary = ["psycopg2-binary"]
postgresql_psycopg2cffi = ["psycopg2cffi"]
pymysql = ["pymysql (<1)", "pymysql"]
sqlcipher = ["sqlcipher3-binary"]

[[package]]
category = "main"
description = "Twilio API client and TwiML generator"
name = "twilio"
optional = false
python-versions = "*"
version = "6.56.0"

[package.dependencies]
PyJWT = "1.7.1"
pytz = "*"
six = "*"

[package.dependencies.requests]
python = ">=3.0"
version = ">=2.0.0"

[[package]]
category = "main"
description = "HTTP library with thread-safe connection pooling, file post, and more."
name = "urllib3"
optional = false
python-versions = ">=2.7, !=3.0.*, !=3.1.*, !=3.2.*, !=3.3.*, !=3.4.*, <4"
version = "1.26.4"

[package.extras]
brotli = ["brotlipy (>=0.6.0)"]
secure = ["pyOpenSSL (>=0.14)", "cryptography (>=1.3.4)", "idna (>=2.0.0)", "certifi", "ipaddress"]
socks = ["PySocks (>=1.5.6,<1.5.7 || >1.5.7,<2.0)"]

[[package]]
category = "main"
description = "The comprehensive WSGI web application library."
name = "werkzeug"
optional = false
python-versions = ">=2.7, !=3.0.*, !=3.1.*, !=3.2.*, !=3.3.*, !=3.4.*"
version = "1.0.1"

[package.extras]
dev = ["pytest", "pytest-timeout", "coverage", "tox", "sphinx", "pallets-sphinx-themes", "sphinx-issues"]
watchdog = ["watchdog"]

[metadata]
content-hash = "65e123362c1dcca24bb5117d10796fb4efab4268384687997b5399967d96b309"
python-versions = "^3.8"

[metadata.files]
certifi = [
    {file = "certifi-2020.12.5-py2.py3-none-any.whl", hash = "sha256:719a74fb9e33b9bd44cc7f3a8d94bc35e4049deebe19ba7d8e108280cfd59830"},
    {file = "certifi-2020.12.5.tar.gz", hash = "sha256:1a4995114262bffbc2413b159f2a1a480c969de6e6eb13ee966d470af86af59c"},
]
chardet = [
    {file = "chardet-4.0.0-py2.py3-none-any.whl", hash = "sha256:f864054d66fd9118f2e67044ac8981a54775ec5b67aed0441892edb553d21da5"},
    {file = "chardet-4.0.0.tar.gz", hash = "sha256:0d6f53a15db4120f2b08c94f11e7d93d2c911ee118b6b30a04ec3ee8310179fa"},
]
chatbot-py = [
    {file = "chatbot-py-2.74.tar.gz", hash = "sha256:65315630e54aeb4823c0d88ccf4aabc142eeb0e9d371ea931325171fd11e47f2"},
]
click = [
    {file = "click-7.1.2-py2.py3-none-any.whl", hash = "sha256:dacca89f4bfadd5de3d7489b7c8a566eee0d3676333fbb50030263894c38c0dc"},
    {file = "click-7.1.2.tar.gz", hash = "sha256:d2b5255c7c6349bc1bd1e59e08cd12acbbd63ce649f2588755783aa94dfb6b1a"},
]
decorator = [
    {file = "decorator-5.0.7-py3-none-any.whl", hash = "sha256:945d84890bb20cc4a2f4a31fc4311c0c473af65ea318617f13a7257c9a58bc98"},
    {file = "decorator-5.0.7.tar.gz", hash = "sha256:6f201a6c4dac3d187352661f508b9364ec8091217442c9478f1f83c003a0f060"},
]
flask = [
    {file = "Flask-1.1.2-py2.py3-none-any.whl", hash = "sha256:8a4fdd8936eba2512e9c85df320a37e694c93945b33ef33c89946a340a238557"},
    {file = "Flask-1.1.2.tar.gz", hash = "sha256:4efa1ae2d7c9865af48986de8aeb8504bf32c7f3d6fdc9353d34b21f4b127060"},
]
future = [
    {file = "future-0.18.2.tar.gz", hash = "sha256:b1bead90b70cf6ec3f0710ae53a525360fa360d306a86583adc6bf83a4db537d"},
]
geocoder = [
    {file = "geocoder-1.38.1-py2.py3-none-any.whl", hash = "sha256:a733e1dfbce3f4e1a526cac03aadcedb8ed1239cf55bd7f3a23c60075121a834"},
    {file = "geocoder-1.38.1.tar.gz", hash = "sha256:c9925374c961577d0aee403b09e6f8ea1971d913f011f00ca70c76beaf7a77e7"},
]
greenlet = [
    {file = "greenlet-1.0.0-cp27-cp27m-macosx_10_14_x86_64.whl", hash = "sha256:1d1d4473ecb1c1d31ce8fd8d91e4da1b1f64d425c1dc965edc4ed2a63cfa67b2"},
    {file = "greenlet-1.0.0-cp27-cp27m-manylinux1_x86_64.whl", hash = "sha256:cfd06e0f0cc8db2a854137bd79154b61ecd940dce96fad0cba23fe31de0b793c"},
    {file = "greenlet-1.0.0-cp27-cp27m-manylinux2010_x86_64.whl", hash = "sha256:eb333b90036358a0e2c57373f72e7648d7207b76ef0bd00a4f7daad1f79f5203"},
    {file = "greenlet-1.0.0-cp27-cp27m-win32.whl", hash = "sha256:1a1ada42a1fd2607d232ae11a7b3195735edaa49ea787a6d9e6a53afaf6f3476"},
    {file = "greenlet-1.0.0-cp27-cp27m-win_amd64.whl", hash = "sha256:f6f65bf54215e4ebf6b01e4bb94c49180a589573df643735107056f7a910275b"},
    {file = "greenlet-1.0.0-cp27-cp27mu-manylinux1_x86_64.whl", hash = "sha256:f59eded163d9752fd49978e0bab7a1ff21b1b8d25c05f0995d140cc08ac83379"},
    {file = "greenlet-1.0.0-cp27-cp27mu-manylinux2010_x86_64.whl", hash = "sha256:875d4c60a6299f55df1c3bb870ebe6dcb7db28c165ab9ea6cdc5d5af36bb33ce"},
    {file = "greenlet-1.0.0-cp35-cp35m-macosx_10_14_x86_64.whl", hash = "sha256:1bb80c71de788b36cefb0c3bb6bfab306ba75073dbde2829c858dc3ad70f867c"},
    {file = "greenlet-1.0.0-cp35-cp35m-manylinux1_x86_64.whl", hash = "sha256:b5f1b333015d53d4b381745f5de842f19fe59728b65f0fbb662dafbe2018c3a5"},
    {file = "greenlet-1.0.0-cp35-cp35m-manylinux2010_x86_64.whl", hash = "sha256:5352c15c1d91d22902582e891f27728d8dac3bd5e0ee565b6a9f575355e6d92f"},
    {file = "greenlet-1.0.0-cp35-cp35m-manylinux2014_aarch64.whl", hash = "sha256:2c65320774a8cd5fdb6e117c13afa91c4707548282464a18cf80243cf976b3e6"},
    {file = "greenlet-1.0.0-cp35-cp35m-manylinux2014_ppc64le.whl", hash = "sha256:111cfd92d78f2af0bc7317452bd93a477128af6327332ebf3c2be7df99566683"},
    {file = "greenlet-1.0.0-cp35-cp35m-win32.whl", hash = "sha256:cdb90267650c1edb54459cdb51dab865f6c6594c3a47ebd441bc493360c7af70"},
    {file = "greenlet-1.0.0-cp35-cp35m-win_amd64.whl", hash = "sha256:eac8803c9ad1817ce3d8d15d1bb82c2da3feda6bee1153eec5c58fa6e5d3f770"},
    {file = "greenlet-1.0.0-cp36-cp36m-macosx_10_14_x86_64.whl", hash = "sha256:c93d1a71c3fe222308939b2e516c07f35a849c5047f0197442a4d6fbcb4128ee"},
    {file = "greenlet-1.0.0-cp36-cp36m-manylinux1_x86_64.whl", hash = "sha256:122c63ba795fdba4fc19c744df6277d9cfd913ed53d1a286f12189a0265316dd"},
    {file = "greenlet-1.0.0-cp36-cp36m-manylinux2010_x86_64.whl", hash = "sha256:c5b22b31c947ad8b6964d4ed66776bcae986f73669ba50620162ba7c832a6b6a"},
    {file = "greenlet-1.0.0-cp36-cp36m-manylinux2014_aarch64.whl", hash = "sha256:4365eccd68e72564c776418c53ce3c5af402bc526fe0653722bc89efd85bf12d"},
    {file = "greenlet-1.0.0-cp36-cp36m-manylinux2014_ppc64le.whl", hash = "sha256:da7d09ad0f24270b20f77d56934e196e982af0d0a2446120cb772be4e060e1a2"},
    {file = "greenlet-1.0.0-cp36-cp36m-win32.whl", hash = "sha256:647ba1df86d025f5a34043451d7c4a9f05f240bee06277a524daad11f997d1e7"},
    {file = "greenlet-1.0.0-cp36-cp36m-win_amd64.whl", hash = "sha256:e6e9fdaf6c90d02b95e6b0709aeb1aba5affbbb9ccaea5502f8638e4323206be"},
    {file = "greenlet-1.0.0-cp37-cp37m-macosx_10_14_x86_64.whl", hash = "sha256:62afad6e5fd70f34d773ffcbb7c22657e1d46d7fd7c95a43361de979f0a45aef"},
    {file = "greenlet-1.0.0-cp37-cp37m-manylinux1_x86_64.whl", hash = "sha256:d3789c1c394944084b5e57c192889985a9f23bd985f6d15728c745d380318128"},
    {file = "greenlet-1.0.0-cp37-cp37m-manylinux2010_x86_64.whl", hash = "sha256:f5e2d36c86c7b03c94b8459c3bd2c9fe2c7dab4b258b8885617d44a22e453fb7"},
    {file = "greenlet-1.0.0-cp37-cp37m-manylinux2014_aarch64.whl", hash = "sha256:292e801fcb3a0b3a12d8c603c7cf340659ea27fd73c98683e75800d9fd8f704c"},
    {file = "greenlet-1.0.0-cp37-cp37m-manylinux2014_ppc64le.whl", hash = "sha256:f3dc68272990849132d6698f7dc6df2ab62a88b0d36e54702a8fd16c0490e44f"},
    {file = "greenlet-1.0.0-cp37-cp37m-win32.whl", hash = "sha256:7cd5a237f241f2764324396e06298b5dee0df580cf06ef4ada0ff9bff851286c"},
    {file = "greenlet-1.0.0-cp37-cp37m-win_amd64.whl", hash = "sha256:0ddd77586553e3daf439aa88b6642c5f252f7ef79a39271c25b1d4bf1b7cbb85"},
    {file = "greenlet-1.0.0-cp38-cp38-macosx_10_14_x86_64.whl", hash = "sha256:90b6a25841488cf2cb1c8623a53e6879573010a669455046df5f029d93db51b7"},
    {file = "greenlet-1.0.0-cp38-cp38-manylinux1_x86_64.whl", hash = "sha256:ed1d1351f05e795a527abc04a0d82e9aecd3bdf9f46662c36ff47b0b00ecaf06"},
    {file = "greenlet-1.0.0-cp38-cp38-manylinux2010_x86_64.whl", hash = "sha256:94620ed996a7632723a424bccb84b07e7b861ab7bb06a5aeb041c111dd723d36"},
    {file = "greenlet-1.0.0-cp38-cp38-manylinux2014_aarch64.whl", hash = "sha256:f97d83049715fd9dec7911860ecf0e17b48d8725de01e45de07d8ac0bd5bc378"},
    {file = "greenlet-1.0.0-cp38-cp38-manylinux2014_ppc64le.whl", hash = "sha256:0a77691f0080c9da8dfc81e23f4e3cffa5accf0f5b56478951016d7cfead9196"},
    {file = "greenlet-1.0.0-cp38-cp38-win32.whl", hash = "sha256:e1128e022d8dce375362e063754e129750323b67454cac5600008aad9f54139e"},
    {file = "greenlet-1.0.0-cp38-cp38-win_amd64.whl", hash = "sha256:5d4030b04061fdf4cbc446008e238e44936d77a04b2b32f804688ad64197953c"},
    {file = "greenlet-1.0.0-cp39-cp39-macosx_10_14_x86_64.whl", hash = "sha256:f8450d5ef759dbe59f84f2c9f77491bb3d3c44bc1a573746daf086e70b14c243"},
    {file = "greenlet-1.0.0-cp39-cp39-manylinux1_x86_64.whl", hash = "sha256:df8053867c831b2643b2c489fe1d62049a98566b1646b194cc815f13e27b90df"},
    {file = "greenlet-1.0.0-cp39-cp39-manylinux2010_x86_64.whl", hash = "sha256:df3e83323268594fa9755480a442cabfe8d82b21aba815a71acf1bb6c1776218"},
    {file = "greenlet-1.0.0-cp39-cp39-manylinux2014_aarch64.whl", hash = "sha256:181300f826625b7fd1182205b830642926f52bd8cdb08b34574c9d5b2b1813f7"},
    {file = "greenlet-1.0.0-cp39-cp39-manylinux2014_ppc64le.whl", hash = "sha256:58ca0f078d1c135ecf1879d50711f925ee238fe773dfe44e206d7d126f5bc664"},
    {file = "greenlet-1.0.0-cp39-cp39-win32.whl", hash = "sha256:5f297cb343114b33a13755032ecf7109b07b9a0020e841d1c3cedff6602cc139"},
    {file = "greenlet-1.0.0-cp39-cp39-win_amd64.whl", hash = "sha256:5d69bbd9547d3bc49f8a545db7a0bd69f407badd2ff0f6e1a163680b5841d2b0"},
    {file = "greenlet-1.0.0.tar.gz", hash = "sha256:719e169c79255816cdcf6dccd9ed2d089a72a9f6c42273aae12d55e8d35bdcf8"},
]
idna = [
    {file = "idna-2.10-py2.py3-none-any.whl", hash = "sha256:b97d804b1e9b523befed77c48dacec60e6dcb0b5391d57af6a65a312a90648c0"},
    {file = "idna-2.10.tar.gz", hash = "sha256:b307872f855b18632ce0c21c5e45be78c0ea7ae4c15c828c20788b26921eb3f6"},
]
itsdangerous = [
    {file = "itsdangerous-1.1.0-py2.py3-none-any.whl", hash = "sha256:b12271b2047cb23eeb98c8b5622e2e5c5e9abd9784a153e9d8ef9cb4dd09d749"},
    {file = "itsdangerous-1.1.0.tar.gz", hash = "sha256:321b033d07f2a4136d3ec762eac9f16a10ccd60f53c0c91af90217ace7ba1f19"},
]
jieba = [
    {file = "jieba-0.42.1.tar.gz", hash = "sha256:055ca12f62674fafed09427f176506079bc135638a14e23e25be909131928db2"},
]
jinja2 = [
    {file = "Jinja2-2.11.3-py2.py3-none-any.whl", hash = "sha256:03e47ad063331dd6a3f04a43eddca8a966a26ba0c5b7207a9a9e4e08f1b29419"},
    {file = "Jinja2-2.11.3.tar.gz", hash = "sha256:a6d58433de0ae800347cab1fa3043cebbabe8baa9d29e668f1c768cb87a333c6"},
]
markupsafe = [
    {file = "MarkupSafe-1.1.1-cp27-cp27m-macosx_10_6_intel.whl", hash = "sha256:09027a7803a62ca78792ad89403b1b7a73a01c8cb65909cd876f7fcebd79b161"},
    {file = "MarkupSafe-1.1.1-cp27-cp27m-manylinux1_i686.whl", hash = "sha256:e249096428b3ae81b08327a63a485ad0878de3fb939049038579ac0ef61e17e7"},
    {file = "MarkupSafe-1.1.1-cp27-cp27m-manylinux1_x86_64.whl", hash = "sha256:500d4957e52ddc3351cabf489e79c91c17f6e0899158447047588650b5e69183"},
    {file = "MarkupSafe-1.1.1-cp27-cp27m-win32.whl", hash = "sha256:b2051432115498d3562c084a49bba65d97cf251f5a331c64a12ee7e04dacc51b"},
    {file = "MarkupSafe-1.1.1-cp27-cp27m-win_amd64.whl", hash = "sha256:98c7086708b163d425c67c7a91bad6e466bb99d797aa64f965e9d25c12111a5e"},
    {file = "MarkupSafe-1.1.1-cp27-cp27mu-manylinux1_i686.whl", hash = "sha256:cd5df75523866410809ca100dc9681e301e3c27567cf498077e8551b6d20e42f"},
    {file = "MarkupSafe-1.1.1-cp27-cp27mu-manylinux1_x86_64.whl", hash = "sha256:43a55c2930bbc139570ac2452adf3d70cdbb3cfe5912c71cdce1c2c6bbd9c5d1"},
    {file = "MarkupSafe-1.1.1-cp34-cp34m-macosx_10_6_intel.whl", hash = "sha256:1027c282dad077d0bae18be6794e6b6b8c91d58ed8a8d89a89d59693b9131db5"},
    {file = "MarkupSafe-1.1.1-cp34-cp34m-manylinux1_i686.whl", hash = "sha256:62fe6c95e3ec8a7fad637b7f3d372c15ec1caa01ab47926cfdf7a75b40e0eac1"},
    {file = "MarkupSafe-1.1.1-cp34-cp34m-manylinux1_x86_64.whl", hash = "sha256:88e5fcfb52ee7b911e8bb6d6aa2fd21fbecc674eadd44118a9cc3863f938e735"},
    {file = "MarkupSafe-1.1.1-cp34-cp34m-win32.whl", hash = "sha256:ade5e387d2ad0d7ebf59146cc00c8044acbd863725f887353a10df825fc8ae21"},
    {file = "MarkupSafe-1.1.1-cp34-cp34m-win_amd64.whl", hash = "sha256:09c4b7f37d6c648cb13f9230d847adf22f8171b1ccc4d5682398e77f40309235"},
    {file = "MarkupSafe-1.1.1-cp35-cp35m-macosx_10_6_intel.whl", hash = "sha256:79855e1c5b8da654cf486b830bd42c06e8780cea587384cf6545b7d9ac013a0b"},
    {file = "MarkupSafe-1.1.1-cp35-cp35m-manylinux1_i686.whl", hash = "sha256:c8716a48d94b06bb3b2524c2b77e055fb313aeb4ea620c8dd03a105574ba704f"},
    {file = "MarkupSafe-1.1.1-cp35-cp35m-manylinux1_x86_64.whl", hash = "sha256:7c1699dfe0cf8ff607dbdcc1e9b9af1755371f92a68f706051cc8c37d447c905"},
    {file = "MarkupSafe-1.1.1-cp35-cp35m-win32.whl", hash = "sha256:6dd73240d2af64df90aa7c4e7481e23825ea70af4b4922f8ede5b9e35f78a3b1"},
    {file = "MarkupSafe-1.1.1-cp35-cp35m-win_amd64.whl", hash = "sha256:9add70b36c5666a2ed02b43b335fe19002ee5235efd4b8a89bfcf9005bebac0d"},
    {file = "MarkupSafe-1.1.1-cp36-cp36m-macosx_10_6_intel.whl", hash = "sha256:24982cc2533820871eba85ba648cd53d8623687ff11cbb805be4ff7b4c971aff"},
    {file = "MarkupSafe-1.1.1-cp36-cp36m-macosx_10_9_x86_64.whl", hash = "sha256:d53bc011414228441014aa71dbec320c66468c1030aae3a6e29778a3382d96e5"},
    {file = "MarkupSafe-1.1.1-cp36-cp36m-manylinux1_i686.whl", hash = "sha256:00bc623926325b26bb9605ae9eae8a215691f33cae5df11ca5424f06f2d1f473"},
    {file = "MarkupSafe-1.1.1-cp36-cp36m-manylinux1_x86_64.whl", hash = "sha256:717ba8fe3ae9cc0006d7c451f0bb265ee07739daf76355d06366154ee68d221e"},
    {file = "MarkupSafe-1.1.1-cp36-cp36m-manylinux2010_i686.whl", hash = "sha256:3b8a6499709d29c2e2399569d96719a1b21dcd94410a586a18526b143ec8470f"},
    {file = "MarkupSafe-1.1.1-cp36-cp36m-manylinux2010_x86_64.whl", hash = "sha256:84dee80c15f1b560d55bcfe6d47b27d070b4681c699c572af2e3c7cc90a3b8e0"},
    {file = "MarkupSafe-1.1.1-cp36-cp36m-manylinux2014_aarch64.whl", hash = "sha256:b1dba4527182c95a0db8b6060cc98ac49b9e2f5e64320e2b56e47cb2831978c7"},
    {file = "MarkupSafe-1.1.1-cp36-cp36m-win32.whl", hash = "sha256:535f6fc4d397c1563d08b88e485c3496cf5784e927af890fb3c3aac7f933ec66"},
    {file = "MarkupSafe-1.1.1-cp36-cp36m-win_amd64.whl", hash = "sha256:b1282f8c00509d99fef04d8ba936b156d419be841854fe901d8ae224c59f0be5"},
    {file = "MarkupSafe-1.1.1-cp37-cp37m-macosx_10_6_intel.whl", hash = "sha256:8defac2f2ccd6805ebf65f5eeb132adcf2ab57aa11fdf4c0dd5169a004710e7d"},
    {file = "MarkupSafe-1.1.1-cp37-cp37m-macosx_10_9_x86_64.whl", hash = "sha256:bf5aa3cbcfdf57fa2ee9cd1822c862ef23037f5c832ad09cfea57fa846dec193"},
    {file = "MarkupSafe-1.1.1-cp37-cp37m-manylinux1_i686.whl", hash = "sha256:46c99d2de99945ec5cb54f23c8cd5689f6d7177305ebff350a58ce5f8de1669e"},
    {file = "MarkupSafe-1.1.1-cp37-cp37m-manylinux1_x86_64.whl", hash = "sha256:ba59edeaa2fc6114428f1637ffff42da1e311e29382d81b339c1817d37ec93c6"},
    {file = "MarkupSafe-1.1.1-cp37-cp37m-manylinux2010_i686.whl", hash = "sha256:6fffc775d90dcc9aed1b89219549b329a9250d918fd0b8fa8d93d154918422e1"},
    {file = "MarkupSafe-1.1.1-cp37-cp37m-manylinux2010_x86_64.whl", hash = "sha256:a6a744282b7718a2a62d2ed9d993cad6f5f585605ad352c11de459f4108df0a1"},
    {file = "MarkupSafe-1.1.1-cp37-cp37m-manylinux2014_aarch64.whl", hash = "sha256:195d7d2c4fbb0ee8139a6cf67194f3973a6b3042d742ebe0a9ed36d8b6f0c07f"},
    {file = "MarkupSafe-1.1.1-cp37-cp37m-win32.whl", hash = "sha256:b00c1de48212e4cc9603895652c5c410df699856a2853135b3967591e4beebc2"},
    {file = "MarkupSafe-1.1.1-cp37-cp37m-win_amd64.whl", hash = "sha256:9bf40443012702a1d2070043cb6291650a0841ece432556f784f004937f0f32c"},
    {file = "MarkupSafe-1.1.1-cp38-cp38-macosx_10_9_x86_64.whl", hash = "sha256:6788b695d50a51edb699cb55e35487e430fa21f1ed838122d722e0ff0ac5ba15"},
    {file = "MarkupSafe-1.1.1-cp38-cp38-manylinux1_i686.whl", hash = "sha256:cdb132fc825c38e1aeec2c8aa9338310d29d337bebbd7baa06889d09a60a1fa2"},
    {file = "MarkupSafe-1.1.1-cp38-cp38-manylinux1_x86_64.whl", hash = "sha256:13d3144e1e340870b25e7b10b98d779608c02016d5184cfb9927a9f10c689f42"},
    {file = "MarkupSafe-1.1.1-cp38-cp38-manylinux2010_i686.whl", hash = "sha256:acf08ac40292838b3cbbb06cfe9b2cb9ec78fce8baca31ddb87aaac2e2dc3bc2"},
    {file = "MarkupSafe-1.1.1-cp38-cp38-manylinux2010_x86_64.whl", hash = "sha256:d9be0ba6c527163cbed5e0857c451fcd092ce83947944d6c14bc95441203f032"},
    {file = "MarkupSafe-1.1.1-cp38-cp38-manylinux2014_aarch64.whl", hash = "sha256:caabedc8323f1e93231b52fc32bdcde6db817623d33e100708d9a68e1f53b26b"},
    {file = "MarkupSafe-1.1.1-cp38-cp38-win32.whl", hash = "sha256:596510de112c685489095da617b5bcbbac7dd6384aeebeda4df6025d0256a81b"},
    {file = "MarkupSafe-1.1.1-cp38-cp38-win_amd64.whl", hash = "sha256:e8313f01ba26fbbe36c7be1966a7b7424942f670f38e666995b88d012765b9be"},
    {file = "MarkupSafe-1.1.1-cp39-cp39-macosx_10_9_x86_64.whl", hash = "sha256:d73a845f227b0bfe8a7455ee623525ee656a9e2e749e4742706d80a6065d5e2c"},
    {file = "MarkupSafe-1.1.1-cp39-cp39-manylinux1_i686.whl", hash = "sha256:98bae9582248d6cf62321dcb52aaf5d9adf0bad3b40582925ef7c7f0ed85fceb"},
    {file = "MarkupSafe-1.1.1-cp39-cp39-manylinux1_x86_64.whl", hash = "sha256:2beec1e0de6924ea551859edb9e7679da6e4870d32cb766240ce17e0a0ba2014"},
    {file = "MarkupSafe-1.1.1-cp39-cp39-manylinux2010_i686.whl", hash = "sha256:7fed13866cf14bba33e7176717346713881f56d9d2bcebab207f7a036f41b850"},
    {file = "MarkupSafe-1.1.1-cp39-cp39-manylinux2010_x86_64.whl", hash = "sha256:6f1e273a344928347c1290119b493a1f0303c52f5a5eae5f16d74f48c15d4a85"},
    {file = "MarkupSafe-1.1.1-cp39-cp39-manylinux2014_aarch64.whl", hash = "sha256:feb7b34d6325451ef96bc0e36e1a6c0c1c64bc1fbec4b854f4529e51887b1621"},
    {file = "MarkupSafe-1.1.1-cp39-cp39-win32.whl", hash = "sha256:22c178a091fc6630d0d045bdb5992d2dfe14e3259760e713c490da5323866c39"},
    {file = "MarkupSafe-1.1.1-cp39-cp39-win_amd64.whl", hash = "sha256:b7d644ddb4dbd407d31ffb699f1d140bc35478da613b441c582aeb7c43838dd8"},
    {file = "MarkupSafe-1.1.1.tar.gz", hash = "sha256:29872e92839765e546828bb7754a68c418d927cd064fd4708fab9fe9c8bb116b"},
]
pillow = [
    {file = "Pillow-8.2.0-cp36-cp36m-macosx_10_10_x86_64.whl", hash = "sha256:dc38f57d8f20f06dd7c3161c59ca2c86893632623f33a42d592f097b00f720a9"},
    {file = "Pillow-8.2.0-cp36-cp36m-manylinux1_i686.whl", hash = "sha256:a013cbe25d20c2e0c4e85a9daf438f85121a4d0344ddc76e33fd7e3965d9af4b"},
    {file = "Pillow-8.2.0-cp36-cp36m-manylinux1_x86_64.whl", hash = "sha256:8bb1e155a74e1bfbacd84555ea62fa21c58e0b4e7e6b20e4447b8d07990ac78b"},
    {file = "Pillow-8.2.0-cp36-cp36m-manylinux2014_aarch64.whl", hash = "sha256:c5236606e8570542ed424849f7852a0ff0bce2c4c8d0ba05cc202a5a9c97dee9"},
    {file = "Pillow-8.2.0-cp36-cp36m-win32.whl", hash = "sha256:12e5e7471f9b637762453da74e390e56cc43e486a88289995c1f4c1dc0bfe727"},
    {file = "Pillow-8.2.0-cp36-cp36m-win_amd64.whl", hash = "sha256:5afe6b237a0b81bd54b53f835a153770802f164c5570bab5e005aad693dab87f"},
    {file = "Pillow-8.2.0-cp37-cp37m-macosx_10_10_x86_64.whl", hash = "sha256:cb7a09e173903541fa888ba010c345893cd9fc1b5891aaf060f6ca77b6a3722d"},
    {file = "Pillow-8.2.0-cp37-cp37m-manylinux1_i686.whl", hash = "sha256:0d19d70ee7c2ba97631bae1e7d4725cdb2ecf238178096e8c82ee481e189168a"},
    {file = "Pillow-8.2.0-cp37-cp37m-manylinux1_x86_64.whl", hash = "sha256:083781abd261bdabf090ad07bb69f8f5599943ddb539d64497ed021b2a67e5a9"},
    {file = "Pillow-8.2.0-cp37-cp37m-manylinux2014_aarch64.whl", hash = "sha256:c6b39294464b03457f9064e98c124e09008b35a62e3189d3513e5148611c9388"},
    {file = "Pillow-8.2.0-cp37-cp37m-win32.whl", hash = "sha256:01425106e4e8cee195a411f729cff2a7d61813b0b11737c12bd5991f5f14bcd5"},
    {file = "Pillow-8.2.0-cp37-cp37m-win_amd64.whl", hash = "sha256:3b570f84a6161cf8865c4e08adf629441f56e32f180f7aa4ccbd2e0a5a02cba2"},
    {file = "Pillow-8.2.0-cp38-cp38-macosx_10_10_x86_64.whl", hash = "sha256:031a6c88c77d08aab84fecc05c3cde8414cd6f8406f4d2b16fed1e97634cc8a4"},
    {file = "Pillow-8.2.0-cp38-cp38-manylinux1_i686.whl", hash = "sha256:66cc56579fd91f517290ab02c51e3a80f581aba45fd924fcdee01fa06e635812"},
    {file = "Pillow-8.2.0-cp38-cp38-manylinux1_x86_64.whl", hash = "sha256:6c32cc3145928c4305d142ebec682419a6c0a8ce9e33db900027ddca1ec39178"},
    {file = "Pillow-8.2.0-cp38-cp38-manylinux2014_aarch64.whl", hash = "sha256:624b977355cde8b065f6d51b98497d6cd5fbdd4f36405f7a8790e3376125e2bb"},
    {file = "Pillow-8.2.0-cp38-cp38-win32.whl", hash = "sha256:5cbf3e3b1014dddc45496e8cf38b9f099c95a326275885199f427825c6522232"},
    {file = "Pillow-8.2.0-cp38-cp38-win_amd64.whl", hash = "sha256:463822e2f0d81459e113372a168f2ff59723e78528f91f0bd25680ac185cf797"},
    {file = "Pillow-8.2.0-cp39-cp39-macosx_10_10_x86_64.whl", hash = "sha256:95d5ef984eff897850f3a83883363da64aae1000e79cb3c321915468e8c6add5"},
    {file = "Pillow-8.2.0-cp39-cp39-macosx_11_0_arm64.whl", hash = "sha256:b91c36492a4bbb1ee855b7d16fe51379e5f96b85692dc8210831fbb24c43e484"},
    {file = "Pillow-8.2.0-cp39-cp39-manylinux1_i686.whl", hash = "sha256:d68cb92c408261f806b15923834203f024110a2e2872ecb0bd2a110f89d3c602"},
    {file = "Pillow-8.2.0-cp39-cp39-manylinux1_x86_64.whl", hash = "sha256:f217c3954ce5fd88303fc0c317af55d5e0204106d86dea17eb8205700d47dec2"},
    {file = "Pillow-8.2.0-cp39-cp39-manylinux2014_aarch64.whl", hash = "sha256:5b70110acb39f3aff6b74cf09bb4169b167e2660dabc304c1e25b6555fa781ef"},
    {file = "Pillow-8.2.0-cp39-cp39-win32.whl", hash = "sha256:a7d5e9fad90eff8f6f6106d3b98b553a88b6f976e51fce287192a5d2d5363713"},
    {file = "Pillow-8.2.0-cp39-cp39-win_amd64.whl", hash = "sha256:238c197fc275b475e87c1453b05b467d2d02c2915fdfdd4af126145ff2e4610c"},
    {file = "Pillow-8.2.0-pp36-pypy36_pp73-macosx_10_10_x86_64.whl", hash = "sha256:0e04d61f0064b545b989126197930807c86bcbd4534d39168f4aa5fda39bb8f9"},
    {file = "Pillow-8.2.0-pp36-pypy36_pp73-manylinux2010_i686.whl", hash = "sha256:63728564c1410d99e6d1ae8e3b810fe012bc440952168af0a2877e8ff5ab96b9"},
    {file = "Pillow-8.2.0-pp36-pypy36_pp73-manylinux2010_x86_64.whl", hash = "sha256:c03c07ed32c5324939b19e36ae5f75c660c81461e312a41aea30acdd46f93a7c"},
    {file = "Pillow-8.2.0-pp37-pypy37_pp73-macosx_10_10_x86_64.whl", hash = "sha256:4d98abdd6b1e3bf1a1cbb14c3895226816e666749ac040c4e2554231068c639b"},
    {file = "Pillow-8.2.0-pp37-pypy37_pp73-manylinux2010_i686.whl", hash = "sha256:aac00e4bc94d1b7813fe882c28990c1bc2f9d0e1aa765a5f2b516e8a6a16a9e4"},
    {file = "Pillow-8.2.0-pp37-pypy37_pp73-manylinux2010_x86_64.whl", hash = "sha256:22fd0f42ad15dfdde6c581347eaa4adb9a6fc4b865f90b23378aa7914895e120"},
    {file = "Pillow-8.2.0-pp37-pypy37_pp73-win32.whl", hash = "sha256:e98eca29a05913e82177b3ba3d198b1728e164869c613d76d0de4bde6768a50e"},
    {file = "Pillow-8.2.0.tar.gz", hash = "sha256:a787ab10d7bb5494e5f76536ac460741788f1fbce851068d73a87ca7c35fc3e1"},
]
pyjwt = [
    {file = "PyJWT-1.7.1-py2.py3-none-any.whl", hash = "sha256:5c6eca3c2940464d106b99ba83b00c6add741c9becaec087fb7ccdefea71350e"},
    {file = "PyJWT-1.7.1.tar.gz", hash = "sha256:8d59a976fb773f3e6a39c85636357c4f0e242707394cadadd9814f5cbaa20e96"},
]
python-dateutil = [
    {file = "python-dateutil-2.8.1.tar.gz", hash = "sha256:73ebfe9dbf22e832286dafa60473e4cd239f8592f699aa5adaf10050e6e1823c"},
    {file = "python_dateutil-2.8.1-py2.py3-none-any.whl", hash = "sha256:75bb3f31ea686f1197762692a9ee6a7550b59fc6ca3a1f4b5d7e32fb98e2da2a"},
]
python-forecastio = [
    {file = "python-forecastio-1.4.0.tar.gz", hash = "sha256:144419d65e3b46961f38853f959a91f6e6cfa9e6d5b6f47aa9dc5e431471d454"},
]
pytz = [
    {file = "pytz-2021.1-py2.py3-none-any.whl", hash = "sha256:eb10ce3e7736052ed3623d49975ce333bcd712c7bb19a58b9e2089d4057d0798"},
    {file = "pytz-2021.1.tar.gz", hash = "sha256:83a4a90894bf38e243cf052c8b58f381bfe9a7a483f6a9cab140bc7f702ac4da"},
]
ratelim = [
    {file = "ratelim-0.1.6-py2.py3-none-any.whl", hash = "sha256:e1a7dd39e6b552b7cc7f52169cd66cdb826a1a30198e355d7016012987c9ad08"},
    {file = "ratelim-0.1.6.tar.gz", hash = "sha256:826d32177e11f9a12831901c9fda6679fd5bbea3605910820167088f5acbb11d"},
]
reportlab = [
    {file = "reportlab-3.5.67-cp36-cp36m-macosx_10_10_x86_64.whl", hash = "sha256:51a2d5de2c605117cd25dfb3f51d1d14caf1cbed4ef6db582f085eeb0a0c922f"},
    {file = "reportlab-3.5.67-cp36-cp36m-manylinux1_i686.whl", hash = "sha256:34d827c771d6b4d7b45f7fc49a638c97fbd8a0fab6c9d3838ff04d307420b739"},
    {file = "reportlab-3.5.67-cp36-cp36m-manylinux1_x86_64.whl", hash = "sha256:e4b9b443e88735be4927529d66d9e1164b4fbd6a882e90114967eedc6ad608e7"},
    {file = "reportlab-3.5.67-cp36-cp36m-manylinux2010_i686.whl", hash = "sha256:9517f26a512a62d49fc4800222b306e21a14ceec8bd82c93182313ef1eefaa7a"},
    {file = "reportlab-3.5.67-cp36-cp36m-manylinux2010_x86_64.whl", hash = "sha256:5c483c96d4cbeb4919ad9fcf2f262e8e08e34dcbcf8d2bda16263ef002c890d4"},
    {file = "reportlab-3.5.67-cp36-cp36m-win32.whl", hash = "sha256:9989737a409235a734ec783b0545f2966247b26ff555e847f3d0f945e5a11493"},
    {file = "reportlab-3.5.67-cp36-cp36m-win_amd64.whl", hash = "sha256:e2b47a8e0126ec0a3820a2e299a94a6fc29ba132249957dd32c447d380eaae5f"},
    {file = "reportlab-3.5.67-cp37-cp37m-macosx_10_10_x86_64.whl", hash = "sha256:8cd355f8a4c7c126a246f4b4a9803c80498939709bb37d3db4f8dbee1eb7d8f0"},
    {file = "reportlab-3.5.67-cp37-cp37m-manylinux1_i686.whl", hash = "sha256:0d670e119d7f7a68a1136de024464999e8e3d5d1491f23cdd39d5d72481af88f"},
    {file = "reportlab-3.5.67-cp37-cp37m-manylinux1_x86_64.whl", hash = "sha256:df2784a474028b15a723f6b347625f1f91740de418bed4a0a2694c954de34dd7"},
    {file = "reportlab-3.5.67-cp37-cp37m-manylinux2010_i686.whl", hash = "sha256:9c0d71aef4fb5d30dc6ebd08a2bce317a7eaf37d468f85320947eb580daea90a"},
    {file = "reportlab-3.5.67-cp37-cp37m-manylinux2010_x86_64.whl", hash = "sha256:b2b72a0742a493979c348dc3c9a329bd5b87e4243ffecf837b1c8739d58410ba"},
    {file = "reportlab-3.5.67-cp37-cp37m-win32.whl", hash = "sha256:1e41b441542881e007420530bbc028f08c0f546ecaaebdf9f065f901acdac106"},
    {file = "reportlab-3.5.67-cp37-cp37m-win_amd64.whl", hash = "sha256:6a3119d0e985e5c7dadfcf29fb79bbab19806b08ad901622b23f5868c0221fce"},
    {file = "reportlab-3.5.67-cp38-cp38-macosx_10_10_x86_64.whl", hash = "sha256:bda784ebb116d56d3e7133c8e0942cf68cb7fd58bdccf57231dbe56b6430eb01"},
    {file = "reportlab-3.5.67-cp38-cp38-manylinux1_i686.whl", hash = "sha256:55ef4476b2cdecfa643ae4d7591aa157568f903c378c83ea544650b33b2d856d"},
    {file = "reportlab-3.5.67-cp38-cp38-manylinux1_x86_64.whl", hash = "sha256:72bb5417f198eb059f01d5a9e1ef80f2fbaf3eaa4cd63e9a681bbbd0ed9fcdf9"},
    {file = "reportlab-3.5.67-cp38-cp38-manylinux2010_i686.whl", hash = "sha256:519ef25d49fe807c6c0402abb5fe4d14b47a8e2358050d8d7673beecfbe116b2"},
    {file = "reportlab-3.5.67-cp38-cp38-manylinux2010_x86_64.whl", hash = "sha256:9d48fd4a1c2d98ec6686511717f0980d36f5590e038d5afe4e5241f328f06e38"},
    {file = "reportlab-3.5.67-cp38-cp38-win32.whl", hash = "sha256:9945e80a0a6e370f90a23907cc70a0811e808f79420fb9051e26d9c79eb8e26b"},
    {file = "reportlab-3.5.67-cp38-cp38-win_amd64.whl", hash = "sha256:370c5225f0c395a9f1482ac8d4f974d2073548f186eaf49ceb91414f534ad4d8"},
    {file = "reportlab-3.5.67-cp39-cp39-macosx_10_10_x86_64.whl", hash = "sha256:42b90b0cb3556f4d1cc1c538345abc249b6ff58939d3af5e37f5fa8421d9ae07"},
    {file = "reportlab-3.5.67-cp39-cp39-manylinux1_i686.whl", hash = "sha256:5b4acfb15ca028bbc652a6c8d63073dec2a3c8c0db7585d68b96b52940f65899"},
    {file = "reportlab-3.5.67-cp39-cp39-manylinux1_x86_64.whl", hash = "sha256:492bd47aabeaa3215cde7a8d3c0d88c909bf7e6b63f0b511a645f1ffc1e948f6"},
    {file = "reportlab-3.5.67-cp39-cp39-manylinux2010_i686.whl", hash = "sha256:af12fbff15a9652ef117456d1d6a4d6fade8fdc02670d6fd31212402e9d03559"},
    {file = "reportlab-3.5.67-cp39-cp39-manylinux2010_x86_64.whl", hash = "sha256:5c931032aa955431c808e469eb0780ca7d12b39228a02ae7ea09f63d47b1e260"},
    {file = "reportlab-3.5.67-cp39-cp39-win32.whl", hash = "sha256:4c5785b018ed6f48e762737deaa6b7528b0ba43ad67fca566bf10d0337a76dcd"},
    {file = "reportlab-3.5.67-cp39-cp39-win_amd64.whl", hash = "sha256:1656722530b3bbce012b093abf6290ab76dcba39d21f9e703310b008ddc7ffe9"},
    {file = "reportlab-3.5.67.tar.gz", hash = "sha256:0cf2206c73fbca752c8bd39e12bb9ad7f2d01e6fcb2b25b9eaf94ea042fe86c9"},
]
requests = [
    {file = "requests-2.25.1-py2.py3-none-any.whl", hash = "sha256:c210084e36a42ae6b9219e00e48287def368a26d03a048ddad7bfee44f75871e"},
    {file = "requests-2.25.1.tar.gz", hash = "sha256:27973dd4a904a4f13b263a19c866c13b92a39ed1c964655f025f3f8d3d75b804"},
]
responses = [
    {file = "responses-0.13.2-py2.py3-none-any.whl", hash = "sha256:75529f9bea08276cea43545dcb6129f137c299d6a12269485a753785c869e0e2"},
    {file = "responses-0.13.2.tar.gz", hash = "sha256:0f0ab4717728d33dae8e66deea61eecc1e38f0398e35249e3963ff74cfc8d0d8"},
]
selenium = [
    {file = "selenium-3.141.0-py2.py3-none-any.whl", hash = "sha256:2d7131d7bc5a5b99a2d9b04aaf2612c411b03b8ca1b1ee8d3de5845a9be2cb3c"},
    {file = "selenium-3.141.0.tar.gz", hash = "sha256:deaf32b60ad91a4611b98d8002757f29e6f2c2d5fcaf202e1c9ad06d6772300d"},
]
six = [
    {file = "six-1.15.0-py2.py3-none-any.whl", hash = "sha256:8b74bedcbbbaca38ff6d7491d76f2b06b3592611af620f8426e82dddb04a5ced"},
    {file = "six-1.15.0.tar.gz", hash = "sha256:30639c035cdb23534cd4aa2dd52c3bf48f06e5f4a941509c8bafd8ce11080259"},
]
sqlalchemy = [
    {file = "SQLAlchemy-1.4.10-cp27-cp27m-macosx_10_14_x86_64.whl", hash = "sha256:6c24884bb8d0065cf6f61b643e8f32947ef8386a5bcdad41b921ed81994ea8f1"},
    {file = "SQLAlchemy-1.4.10-cp27-cp27m-manylinux1_x86_64.whl", hash = "sha256:266fbf4a0d3f4ed614fff60485e3ba83d3eef4a736102b9b7e461402dc930234"},
    {file = "SQLAlchemy-1.4.10-cp27-cp27m-win32.whl", hash = "sha256:e7e52b59e0895c3c85eb271e2b77b9507b131eec621a2de1986682a69cc96889"},
    {file = "SQLAlchemy-1.4.10-cp27-cp27m-win_amd64.whl", hash = "sha256:4513c4d2a9d03239dd48c558b7e89969128e07493c8930a4edc2ba9c6ba6f098"},
    {file = "SQLAlchemy-1.4.10-cp27-cp27mu-manylinux1_x86_64.whl", hash = "sha256:978a89d594d477f2bf088aedf2f60fb213b0191f8f8d96f5b48b7e0cf76b420c"},
    {file = "SQLAlchemy-1.4.10-cp36-cp36m-macosx_10_14_x86_64.whl", hash = "sha256:13508e69d6feba528ff583f81b840b837a085456fb084db968a65e6bcc4f0193"},
    {file = "SQLAlchemy-1.4.10-cp36-cp36m-manylinux1_x86_64.whl", hash = "sha256:92b153cbc0138931e82cc26fedcd84d55ac6f6916e881799e540ff4d3c875b67"},
    {file = "SQLAlchemy-1.4.10-cp36-cp36m-manylinux2010_x86_64.whl", hash = "sha256:e55e7624c5253fad07ceee52d06ce9b562895a33c004f48118b05a50773ae380"},
    {file = "SQLAlchemy-1.4.10-cp36-cp36m-manylinux2014_aarch64.whl", hash = "sha256:b127b4c6961005eb16e46d6f84dc272af58259c7e373dc49e287b0157a776073"},
    {file = "SQLAlchemy-1.4.10-cp36-cp36m-manylinux2014_x86_64.whl", hash = "sha256:e1088a429716ce32f30925228d56c74b3566dae880b8b89d12d3245469d0e494"},
    {file = "SQLAlchemy-1.4.10-cp36-cp36m-win32.whl", hash = "sha256:2bf1a89887ff316c8bc6e69197dbd37ef84c41231c2d92c4af438a391fb730ea"},
    {file = "SQLAlchemy-1.4.10-cp36-cp36m-win_amd64.whl", hash = "sha256:bc840a012a5521635cb084b690ae4a2587072b34707c626de57619c96b079ffd"},
    {file = "SQLAlchemy-1.4.10-cp37-cp37m-macosx_10_14_x86_64.whl", hash = "sha256:8bb0a2767a88e41be9d414fdd18e3929d7aa0abad81a6ab0747d5098d785c8a9"},
    {file = "SQLAlchemy-1.4.10-cp37-cp37m-manylinux1_x86_64.whl", hash = "sha256:99d90172d1d284550caa490617f50392dcdea330401fad0eddb95b83d6b4a501"},
    {file = "SQLAlchemy-1.4.10-cp37-cp37m-manylinux2010_x86_64.whl", hash = "sha256:08c5a58bfbd6638c17b13fad8d78c75756a11d67948615ac6713d8aaa19634ed"},
    {file = "SQLAlchemy-1.4.10-cp37-cp37m-manylinux2014_aarch64.whl", hash = "sha256:56fc949c075085bfd4aa38a2cb0e3dd3e9f6a1a01a628cb1225adbd169dbdeb4"},
    {file = "SQLAlchemy-1.4.10-cp37-cp37m-manylinux2014_x86_64.whl", hash = "sha256:482e38d6ea79b3d2d136044188545bf262ba001d8a4f41112808a8d457e8bb9f"},
    {file = "SQLAlchemy-1.4.10-cp37-cp37m-win32.whl", hash = "sha256:83372e25c1cc2100d00603907abe8d05d1143f8907f841780760c694285b714d"},
    {file = "SQLAlchemy-1.4.10-cp37-cp37m-win_amd64.whl", hash = "sha256:d5618889532bd4096f7c7eb143e5e7039c24eb4327aef7d87d8f56220c4fdd5d"},
    {file = "SQLAlchemy-1.4.10-cp38-cp38-macosx_10_14_x86_64.whl", hash = "sha256:8d2c8a1f1352a9db7b5c370411f61cf36b9bfed61cbac4ae1033c39374981a0c"},
    {file = "SQLAlchemy-1.4.10-cp38-cp38-manylinux1_x86_64.whl", hash = "sha256:01988ae8841b8b2efe2bfe5094466d7cec09c69afb430de42c1bc847f2742579"},
    {file = "SQLAlchemy-1.4.10-cp38-cp38-manylinux2010_x86_64.whl", hash = "sha256:a2a11d6102ed1f3c949bacd2381e47c0587413889dd35ce4f8b68927ec2e5dd0"},
    {file = "SQLAlchemy-1.4.10-cp38-cp38-manylinux2014_aarch64.whl", hash = "sha256:adb965b2310c01249481a3f94a1ab2bb88cd7aa78964a6252a38886a9ecdcaf1"},
    {file = "SQLAlchemy-1.4.10-cp38-cp38-manylinux2014_x86_64.whl", hash = "sha256:c4dca554ffe5041bceb5bc938316a46f8391802b5607ed2bc94bfab539545bea"},
    {file = "SQLAlchemy-1.4.10-cp38-cp38-win32.whl", hash = "sha256:4b49e4700660964e70676aed5b83650b1b7fbbb7ff4b8fca587212e3496cb965"},
    {file = "SQLAlchemy-1.4.10-cp38-cp38-win_amd64.whl", hash = "sha256:c5f138ffa743508488bf40affa4f34e14deaa47e2ae15e6b1e00fa1220983e0d"},
    {file = "SQLAlchemy-1.4.10-cp39-cp39-macosx_10_14_x86_64.whl", hash = "sha256:25375f44246e9dd652ba3a566e55a3b35ad7fd88f63bdf1266b6612b956e72cb"},
    {file = "SQLAlchemy-1.4.10-cp39-cp39-manylinux1_x86_64.whl", hash = "sha256:ac61e7129099aae447f0c2c00350b6e598e8985d1891bab21c79affd58c0a23d"},
    {file = "SQLAlchemy-1.4.10-cp39-cp39-manylinux2010_x86_64.whl", hash = "sha256:05c3f89fc4c459a71bf643a1145a92ed09e6824c04b9190ea88e2155f42e4ed1"},
    {file = "SQLAlchemy-1.4.10-cp39-cp39-manylinux2014_aarch64.whl", hash = "sha256:db314bac56215008af4c1ca2d4cb4e8178140dc009f2f6b04d5af73b26ca895c"},
    {file = "SQLAlchemy-1.4.10-cp39-cp39-manylinux2014_x86_64.whl", hash = "sha256:552056e00c58c73fa69c04ba854a3590cd5efd09ee380f06c121553fc42786d5"},
    {file = "SQLAlchemy-1.4.10-cp39-cp39-win32.whl", hash = "sha256:dbbe277b32aa2df9bf87979d1ec10b5a9288ebf7346c8ae28013db1f32737850"},
    {file = "SQLAlchemy-1.4.10-cp39-cp39-win_amd64.whl", hash = "sha256:8b3f2719f8957e3402bdcbddde8054399c09898e62ef4b2a7f946ae7e78e7945"},
    {file = "SQLAlchemy-1.4.10.tar.gz", hash = "sha256:483fb869a3151dae6d1c97d242fe2e1b08f97bc71bd4946229930b9efedc9d9d"},
]
twilio = [
    {file = "twilio-6.56.0.tar.gz", hash = "sha256:f3d65dcea106383e005460d1cd71703d4f106bcef1e8d289720009ef0f219f28"},
]
urllib3 = [
    {file = "urllib3-1.26.4-py2.py3-none-any.whl", hash = "sha256:2f4da4594db7e1e110a944bb1b551fdf4e6c136ad42e4234131391e21eb5b0df"},
    {file = "urllib3-1.26.4.tar.gz", hash = "sha256:e7b021f7241115872f92f43c6508082facffbd1c048e3c6e2bb9c2a157e28937"},
]
werkzeug = [
    {file = "Werkzeug-1.0.1-py2.py3-none-any.whl", hash = "sha256:2de2a5db0baeae7b2d2664949077c2ac63fbd16d98da0ff71837f7d1dea3fd43"},
    {file = "Werkzeug-1.0.1.tar.gz", hash = "sha256:6c80b1e5ad3665290ea39320b91e1be1e0d5f60652b964a3070216de83d2e47c"},
]
